// !$*UTF8*$!
{
	archiveVersion = 1;
	classes = {
	};
	objectVersion = 55;
	objects = {

/* Begin PBXBuildFile section */
		7242F9CC28F12C5A009EB962 /* SmallCategoryButtonGuide.swift in Sources */ = {isa = PBXBuildFile; fileRef = 7242F9CB28F12C5A009EB962 /* SmallCategoryButtonGuide.swift */; };
		72BF72C128F3C0540036C456 /* MorningRoutinesViewController.swift in Sources */ = {isa = PBXBuildFile; fileRef = 72BF72C028F3C0540036C456 /* MorningRoutinesViewController.swift */; };
		72BF72C528F41D490036C456 /* RoutineSteps.swift in Sources */ = {isa = PBXBuildFile; fileRef = 72BF72C428F41D490036C456 /* RoutineSteps.swift */; };
		72BF72C728F41FB90036C456 /* MorningRoutineStepsTableViewCell.swift in Sources */ = {isa = PBXBuildFile; fileRef = 72BF72C628F41FB90036C456 /* MorningRoutineStepsTableViewCell.swift */; };
		72BF72C928F4514E0036C456 /* PopupRoutine.swift in Sources */ = {isa = PBXBuildFile; fileRef = 72BF72C828F4514E0036C456 /* PopupRoutine.swift */; };
		72BF72CB28F5186E0036C456 /* ReminderUIView.swift in Sources */ = {isa = PBXBuildFile; fileRef = 72BF72CA28F5186E0036C456 /* ReminderUIView.swift */; };
		72BF72CD28F543280036C456 /* NightRoutinesViewController.swift in Sources */ = {isa = PBXBuildFile; fileRef = 72BF72CC28F543280036C456 /* NightRoutinesViewController.swift */; };
		72BF72CF28F547AE0036C456 /* NightRoutinesStepsTableViewCell.swift in Sources */ = {isa = PBXBuildFile; fileRef = 72BF72CE28F547AE0036C456 /* NightRoutinesStepsTableViewCell.swift */; };
		72BF72D128F548DD0036C456 /* DailyLogViewController.swift in Sources */ = {isa = PBXBuildFile; fileRef = 72BF72D028F548DD0036C456 /* DailyLogViewController.swift */; };
		72BF72D528F6A93C0036C456 /* UIButton+MoveImageTextLeft.swift in Sources */ = {isa = PBXBuildFile; fileRef = 72BF72D428F6A93C0036C456 /* UIButton+MoveImageTextLeft.swift */; };
		72BF72D728F7B3FD0036C456 /* sleepHourUIView.swift in Sources */ = {isa = PBXBuildFile; fileRef = 72BF72D628F7B3FD0036C456 /* sleepHourUIView.swift */; };
		72BF72D928F838B00036C456 /* moodSliderUIView.swift in Sources */ = {isa = PBXBuildFile; fileRef = 72BF72D828F838B00036C456 /* moodSliderUIView.swift */; };
		951034BE28EFC13D0011AE39 /* HeaderLabel.swift in Sources */ = {isa = PBXBuildFile; fileRef = 951034BD28EFC13D0011AE39 /* HeaderLabel.swift */; };
		951034C028EFEDA90011AE39 /* IngredientButton.swift in Sources */ = {isa = PBXBuildFile; fileRef = 951034BF28EFEDA90011AE39 /* IngredientButton.swift */; };
		951034C828EFF51F0011AE39 /* UIViewController+DismissKeyboard.swift in Sources */ = {isa = PBXBuildFile; fileRef = 951034C328EFF51F0011AE39 /* UIViewController+DismissKeyboard.swift */; };
		951034CA28EFF51F0011AE39 /* UIFont+CustomFont.swift in Sources */ = {isa = PBXBuildFile; fileRef = 951034C528EFF51F0011AE39 /* UIFont+CustomFont.swift */; };
		951034CB28EFF51F0011AE39 /* UIImageView+DropShadow.swift in Sources */ = {isa = PBXBuildFile; fileRef = 951034C628EFF51F0011AE39 /* UIImageView+DropShadow.swift */; };
		951034D428EFF54C0011AE39 /* QuizSkinCondVC.swift in Sources */ = {isa = PBXBuildFile; fileRef = 951034CD28EFF54C0011AE39 /* QuizSkinCondVC.swift */; };
		951034D528EFF54C0011AE39 /* QuizSkinTypeCell.swift in Sources */ = {isa = PBXBuildFile; fileRef = 951034CF28EFF54C0011AE39 /* QuizSkinTypeCell.swift */; };
		951034D628EFF54C0011AE39 /* QuizSkinCondCell.swift in Sources */ = {isa = PBXBuildFile; fileRef = 951034D028EFF54C0011AE39 /* QuizSkinCondCell.swift */; };
		951034D728EFF54C0011AE39 /* LoginViewController.swift in Sources */ = {isa = PBXBuildFile; fileRef = 951034D228EFF54C0011AE39 /* LoginViewController.swift */; };
		951034D828EFF54C0011AE39 /* QuizSkinTypeVC.swift in Sources */ = {isa = PBXBuildFile; fileRef = 951034D328EFF54C0011AE39 /* QuizSkinTypeVC.swift */; };
		951034E328EFF8820011AE39 /* RoutineHomeViewController.swift in Sources */ = {isa = PBXBuildFile; fileRef = 951034DE28EFF8820011AE39 /* RoutineHomeViewController.swift */; };
		9510351728EFFFDB0011AE39 /* Inter-Medium.ttf in Resources */ = {isa = PBXBuildFile; fileRef = 9510350728EFFFDB0011AE39 /* Inter-Medium.ttf */; };
		9510351828EFFFDB0011AE39 /* ClashGrotesk-Bold.otf in Resources */ = {isa = PBXBuildFile; fileRef = 9510350828EFFFDB0011AE39 /* ClashGrotesk-Bold.otf */; };
		9510351928EFFFDB0011AE39 /* ClashGrotesk-Regular.otf in Resources */ = {isa = PBXBuildFile; fileRef = 9510350928EFFFDB0011AE39 /* ClashGrotesk-Regular.otf */; };
		9510351A28EFFFDB0011AE39 /* Inter-Light.ttf in Resources */ = {isa = PBXBuildFile; fileRef = 9510350A28EFFFDB0011AE39 /* Inter-Light.ttf */; };
		9510351B28EFFFDB0011AE39 /* ClashGrotesk-Semibold.otf in Resources */ = {isa = PBXBuildFile; fileRef = 9510350B28EFFFDB0011AE39 /* ClashGrotesk-Semibold.otf */; };
		9510351C28EFFFDB0011AE39 /* Inter-Thin.ttf in Resources */ = {isa = PBXBuildFile; fileRef = 9510350C28EFFFDB0011AE39 /* Inter-Thin.ttf */; };
		9510351D28EFFFDB0011AE39 /* Inter-Bold.ttf in Resources */ = {isa = PBXBuildFile; fileRef = 9510350D28EFFFDB0011AE39 /* Inter-Bold.ttf */; };
		9510351E28EFFFDB0011AE39 /* ClashGrotesk-Extralight.otf in Resources */ = {isa = PBXBuildFile; fileRef = 9510350E28EFFFDB0011AE39 /* ClashGrotesk-Extralight.otf */; };
		9510351F28EFFFDB0011AE39 /* ClashGrotesk-Light.otf in Resources */ = {isa = PBXBuildFile; fileRef = 9510350F28EFFFDB0011AE39 /* ClashGrotesk-Light.otf */; };
		9510352028EFFFDB0011AE39 /* Inter-Regular.ttf in Resources */ = {isa = PBXBuildFile; fileRef = 9510351028EFFFDB0011AE39 /* Inter-Regular.ttf */; };
		9510352128EFFFDB0011AE39 /* ClashGrotesk-Variable.ttf in Resources */ = {isa = PBXBuildFile; fileRef = 9510351128EFFFDB0011AE39 /* ClashGrotesk-Variable.ttf */; };
		9510352228EFFFDB0011AE39 /* Inter-ExtraBold.ttf in Resources */ = {isa = PBXBuildFile; fileRef = 9510351228EFFFDB0011AE39 /* Inter-ExtraBold.ttf */; };
		9510352328EFFFDB0011AE39 /* Inter-ExtraLight.ttf in Resources */ = {isa = PBXBuildFile; fileRef = 9510351328EFFFDB0011AE39 /* Inter-ExtraLight.ttf */; };
		9510352428EFFFDB0011AE39 /* Inter-Black.ttf in Resources */ = {isa = PBXBuildFile; fileRef = 9510351428EFFFDB0011AE39 /* Inter-Black.ttf */; };
		9510352528EFFFDB0011AE39 /* Inter-SemiBold.ttf in Resources */ = {isa = PBXBuildFile; fileRef = 9510351528EFFFDB0011AE39 /* Inter-SemiBold.ttf */; };
		9510352628EFFFDB0011AE39 /* ClashGrotesk-Medium.otf in Resources */ = {isa = PBXBuildFile; fileRef = 9510351628EFFFDB0011AE39 /* ClashGrotesk-Medium.otf */; };
		95233BDC28EF3B3000A4470E /* ProductListView.swift in Sources */ = {isa = PBXBuildFile; fileRef = 95233BDB28EF3B3000A4470E /* ProductListView.swift */; };
		95233BDE28EF3F3E00A4470E /* UIScrollView+RemoveSubviews.swift in Sources */ = {isa = PBXBuildFile; fileRef = 95233BDD28EF3F3E00A4470E /* UIScrollView+RemoveSubviews.swift */; };
		95233BE128EF481F00A4470E /* IngredientListView.swift in Sources */ = {isa = PBXBuildFile; fileRef = 95233BE028EF481F00A4470E /* IngredientListView.swift */; };
		95233BE528EF4B5D00A4470E /* HorizontalScrollButtons.swift in Sources */ = {isa = PBXBuildFile; fileRef = 95233BE428EF4B5D00A4470E /* HorizontalScrollButtons.swift */; };
		95233BE928EF55AB00A4470E /* SmallCategoryButton.swift in Sources */ = {isa = PBXBuildFile; fileRef = 95233BE828EF55AB00A4470E /* SmallCategoryButton.swift */; };
		9538752128EDE2A1001979A8 /* UICollectionView+Loading.swift in Sources */ = {isa = PBXBuildFile; fileRef = 9538751B28EDE2A1001979A8 /* UICollectionView+Loading.swift */; };
		9538752228EDE2A1001979A8 /* ApiService.swift in Sources */ = {isa = PBXBuildFile; fileRef = 9538751C28EDE2A1001979A8 /* ApiService.swift */; };
		9538752328EDE2A1001979A8 /* ProductListCollectionView.swift in Sources */ = {isa = PBXBuildFile; fileRef = 9538751D28EDE2A1001979A8 /* ProductListCollectionView.swift */; };
		9538752528EDE2A1001979A8 /* ProductListCell.swift in Sources */ = {isa = PBXBuildFile; fileRef = 9538751F28EDE2A1001979A8 /* ProductListCell.swift */; };
		9538752628EDE2A1001979A8 /* PinterestLayout.swift in Sources */ = {isa = PBXBuildFile; fileRef = 9538752028EDE2A1001979A8 /* PinterestLayout.swift */; };
		9538752B28EDE53C001979A8 /* Photo.swift in Sources */ = {isa = PBXBuildFile; fileRef = 9538752928EDE53C001979A8 /* Photo.swift */; };
		959C2BF528ED341E007B1251 /* Constants.swift in Sources */ = {isa = PBXBuildFile; fileRef = 959C2BF328ED341E007B1251 /* Constants.swift */; };
		959C2BF628ED341E007B1251 /* CAGradientLayer+SetGradient.swift in Sources */ = {isa = PBXBuildFile; fileRef = 959C2BF428ED341E007B1251 /* CAGradientLayer+SetGradient.swift */; };
		959C2C0228ED44A3007B1251 /* UIViewController+ConfigureUI.swift in Sources */ = {isa = PBXBuildFile; fileRef = 959C2C0128ED44A3007B1251 /* UIViewController+ConfigureUI.swift */; };
		95A1E05828F3F5AE00386972 /* RoutineUIView.swift in Sources */ = {isa = PBXBuildFile; fileRef = 95A1E05728F3F5AE00386972 /* RoutineUIView.swift */; };
		95A1E05A28F3F61D00386972 /* DailySkincareTipsView.swift in Sources */ = {isa = PBXBuildFile; fileRef = 95A1E05928F3F61D00386972 /* DailySkincareTipsView.swift */; };
		95A1E05C28F3F64300386972 /* UIImage+ScaleImage.swift in Sources */ = {isa = PBXBuildFile; fileRef = 95A1E05B28F3F64300386972 /* UIImage+ScaleImage.swift */; };
		95A4311A28EE8F7F007A2108 /* CategoryButton.swift in Sources */ = {isa = PBXBuildFile; fileRef = 95A4311928EE8F7F007A2108 /* CategoryButton.swift */; };
		95EB50E328EA821400412176 /* AppDelegate.swift in Sources */ = {isa = PBXBuildFile; fileRef = 95EB50E228EA821400412176 /* AppDelegate.swift */; };
		95EB50E528EA821400412176 /* SceneDelegate.swift in Sources */ = {isa = PBXBuildFile; fileRef = 95EB50E428EA821400412176 /* SceneDelegate.swift */; };
		95EB50E728EA821400412176 /* TreatmentsVC.swift in Sources */ = {isa = PBXBuildFile; fileRef = 95EB50E628EA821400412176 /* TreatmentsVC.swift */; };
		95EB50EA28EA821400412176 /* Main.storyboard in Resources */ = {isa = PBXBuildFile; fileRef = 95EB50E828EA821400412176 /* Main.storyboard */; };
		95EB50ED28EA821400412176 /* Quint.xcdatamodeld in Sources */ = {isa = PBXBuildFile; fileRef = 95EB50EB28EA821400412176 /* Quint.xcdatamodeld */; };
		95EB50EF28EA821600412176 /* Assets.xcassets in Resources */ = {isa = PBXBuildFile; fileRef = 95EB50EE28EA821600412176 /* Assets.xcassets */; };
		95EB50F228EA821600412176 /* LaunchScreen.storyboard in Resources */ = {isa = PBXBuildFile; fileRef = 95EB50F028EA821600412176 /* LaunchScreen.storyboard */; };
		95EB50FA28EA82D700412176 /* Podfile in Resources */ = {isa = PBXBuildFile; fileRef = 95EB50F928EA82D700412176 /* Podfile */; };
		C9131C6A5795F6F5C360774C /* libPods-Quint.a in Frameworks */ = {isa = PBXBuildFile; fileRef = 6A4222B49AA562D57AC4B33E /* libPods-Quint.a */; };
/* End PBXBuildFile section */

/* Begin PBXFileReference section */
		1DE7348A28BE8A5E92A105D1 /* Pods-Quint.release.xcconfig */ = {isa = PBXFileReference; includeInIndex = 1; lastKnownFileType = text.xcconfig; name = "Pods-Quint.release.xcconfig"; path = "Target Support Files/Pods-Quint/Pods-Quint.release.xcconfig"; sourceTree = "<group>"; };
		6A4222B49AA562D57AC4B33E /* libPods-Quint.a */ = {isa = PBXFileReference; explicitFileType = archive.ar; includeInIndex = 0; path = "libPods-Quint.a"; sourceTree = BUILT_PRODUCTS_DIR; };
		7242F9CB28F12C5A009EB962 /* SmallCategoryButtonGuide.swift */ = {isa = PBXFileReference; lastKnownFileType = sourcecode.swift; path = SmallCategoryButtonGuide.swift; sourceTree = "<group>"; };
		7259524328F0249300783907 /* QuintDebug.entitlements */ = {isa = PBXFileReference; lastKnownFileType = text.plist.entitlements; path = QuintDebug.entitlements; sourceTree = "<group>"; };
		72BF72C028F3C0540036C456 /* MorningRoutinesViewController.swift */ = {isa = PBXFileReference; lastKnownFileType = sourcecode.swift; path = MorningRoutinesViewController.swift; sourceTree = "<group>"; };
		72BF72C428F41D490036C456 /* RoutineSteps.swift */ = {isa = PBXFileReference; lastKnownFileType = sourcecode.swift; path = RoutineSteps.swift; sourceTree = "<group>"; };
		72BF72C628F41FB90036C456 /* MorningRoutineStepsTableViewCell.swift */ = {isa = PBXFileReference; lastKnownFileType = sourcecode.swift; path = MorningRoutineStepsTableViewCell.swift; sourceTree = "<group>"; };
		72BF72C828F4514E0036C456 /* PopupRoutine.swift */ = {isa = PBXFileReference; lastKnownFileType = sourcecode.swift; path = PopupRoutine.swift; sourceTree = "<group>"; };
		72BF72CA28F5186E0036C456 /* ReminderUIView.swift */ = {isa = PBXFileReference; lastKnownFileType = sourcecode.swift; path = ReminderUIView.swift; sourceTree = "<group>"; };
		72BF72CC28F543280036C456 /* NightRoutinesViewController.swift */ = {isa = PBXFileReference; lastKnownFileType = sourcecode.swift; path = NightRoutinesViewController.swift; sourceTree = "<group>"; };
		72BF72CE28F547AE0036C456 /* NightRoutinesStepsTableViewCell.swift */ = {isa = PBXFileReference; lastKnownFileType = sourcecode.swift; path = NightRoutinesStepsTableViewCell.swift; sourceTree = "<group>"; };
		72BF72D028F548DD0036C456 /* DailyLogViewController.swift */ = {isa = PBXFileReference; lastKnownFileType = sourcecode.swift; path = DailyLogViewController.swift; sourceTree = "<group>"; };
		72BF72D428F6A93C0036C456 /* UIButton+MoveImageTextLeft.swift */ = {isa = PBXFileReference; lastKnownFileType = sourcecode.swift; path = "UIButton+MoveImageTextLeft.swift"; sourceTree = "<group>"; };
		72BF72D628F7B3FD0036C456 /* sleepHourUIView.swift */ = {isa = PBXFileReference; lastKnownFileType = sourcecode.swift; path = sleepHourUIView.swift; sourceTree = "<group>"; };
		72BF72D828F838B00036C456 /* moodSliderUIView.swift */ = {isa = PBXFileReference; lastKnownFileType = sourcecode.swift; path = moodSliderUIView.swift; sourceTree = "<group>"; };
		951034BD28EFC13D0011AE39 /* HeaderLabel.swift */ = {isa = PBXFileReference; lastKnownFileType = sourcecode.swift; path = HeaderLabel.swift; sourceTree = "<group>"; };
		951034BF28EFEDA90011AE39 /* IngredientButton.swift */ = {isa = PBXFileReference; lastKnownFileType = sourcecode.swift; path = IngredientButton.swift; sourceTree = "<group>"; };
		951034C328EFF51F0011AE39 /* UIViewController+DismissKeyboard.swift */ = {isa = PBXFileReference; fileEncoding = 4; lastKnownFileType = sourcecode.swift; path = "UIViewController+DismissKeyboard.swift"; sourceTree = "<group>"; };
		951034C528EFF51F0011AE39 /* UIFont+CustomFont.swift */ = {isa = PBXFileReference; fileEncoding = 4; lastKnownFileType = sourcecode.swift; path = "UIFont+CustomFont.swift"; sourceTree = "<group>"; };
		951034C628EFF51F0011AE39 /* UIImageView+DropShadow.swift */ = {isa = PBXFileReference; fileEncoding = 4; lastKnownFileType = sourcecode.swift; path = "UIImageView+DropShadow.swift"; sourceTree = "<group>"; };
		951034CD28EFF54C0011AE39 /* QuizSkinCondVC.swift */ = {isa = PBXFileReference; fileEncoding = 4; lastKnownFileType = sourcecode.swift; path = QuizSkinCondVC.swift; sourceTree = "<group>"; };
		951034CF28EFF54C0011AE39 /* QuizSkinTypeCell.swift */ = {isa = PBXFileReference; fileEncoding = 4; lastKnownFileType = sourcecode.swift; path = QuizSkinTypeCell.swift; sourceTree = "<group>"; };
		951034D028EFF54C0011AE39 /* QuizSkinCondCell.swift */ = {isa = PBXFileReference; fileEncoding = 4; lastKnownFileType = sourcecode.swift; path = QuizSkinCondCell.swift; sourceTree = "<group>"; };
		951034D228EFF54C0011AE39 /* LoginViewController.swift */ = {isa = PBXFileReference; fileEncoding = 4; lastKnownFileType = sourcecode.swift; path = LoginViewController.swift; sourceTree = "<group>"; };
		951034D328EFF54C0011AE39 /* QuizSkinTypeVC.swift */ = {isa = PBXFileReference; fileEncoding = 4; lastKnownFileType = sourcecode.swift; path = QuizSkinTypeVC.swift; sourceTree = "<group>"; };
		951034D928EFF8740011AE39 /* Quint.entitlements */ = {isa = PBXFileReference; lastKnownFileType = text.plist.entitlements; path = Quint.entitlements; sourceTree = "<group>"; };
		951034DE28EFF8820011AE39 /* RoutineHomeViewController.swift */ = {isa = PBXFileReference; fileEncoding = 4; lastKnownFileType = sourcecode.swift; path = RoutineHomeViewController.swift; sourceTree = "<group>"; };
		9510350728EFFFDB0011AE39 /* Inter-Medium.ttf */ = {isa = PBXFileReference; lastKnownFileType = file; path = "Inter-Medium.ttf"; sourceTree = "<group>"; };
		9510350828EFFFDB0011AE39 /* ClashGrotesk-Bold.otf */ = {isa = PBXFileReference; lastKnownFileType = file; path = "ClashGrotesk-Bold.otf"; sourceTree = "<group>"; };
		9510350928EFFFDB0011AE39 /* ClashGrotesk-Regular.otf */ = {isa = PBXFileReference; lastKnownFileType = file; path = "ClashGrotesk-Regular.otf"; sourceTree = "<group>"; };
		9510350A28EFFFDB0011AE39 /* Inter-Light.ttf */ = {isa = PBXFileReference; lastKnownFileType = file; path = "Inter-Light.ttf"; sourceTree = "<group>"; };
		9510350B28EFFFDB0011AE39 /* ClashGrotesk-Semibold.otf */ = {isa = PBXFileReference; lastKnownFileType = file; path = "ClashGrotesk-Semibold.otf"; sourceTree = "<group>"; };
		9510350C28EFFFDB0011AE39 /* Inter-Thin.ttf */ = {isa = PBXFileReference; lastKnownFileType = file; path = "Inter-Thin.ttf"; sourceTree = "<group>"; };
		9510350D28EFFFDB0011AE39 /* Inter-Bold.ttf */ = {isa = PBXFileReference; lastKnownFileType = file; path = "Inter-Bold.ttf"; sourceTree = "<group>"; };
		9510350E28EFFFDB0011AE39 /* ClashGrotesk-Extralight.otf */ = {isa = PBXFileReference; lastKnownFileType = file; path = "ClashGrotesk-Extralight.otf"; sourceTree = "<group>"; };
		9510350F28EFFFDB0011AE39 /* ClashGrotesk-Light.otf */ = {isa = PBXFileReference; lastKnownFileType = file; path = "ClashGrotesk-Light.otf"; sourceTree = "<group>"; };
		9510351028EFFFDB0011AE39 /* Inter-Regular.ttf */ = {isa = PBXFileReference; lastKnownFileType = file; path = "Inter-Regular.ttf"; sourceTree = "<group>"; };
		9510351128EFFFDB0011AE39 /* ClashGrotesk-Variable.ttf */ = {isa = PBXFileReference; lastKnownFileType = file; path = "ClashGrotesk-Variable.ttf"; sourceTree = "<group>"; };
		9510351228EFFFDB0011AE39 /* Inter-ExtraBold.ttf */ = {isa = PBXFileReference; lastKnownFileType = file; path = "Inter-ExtraBold.ttf"; sourceTree = "<group>"; };
		9510351328EFFFDB0011AE39 /* Inter-ExtraLight.ttf */ = {isa = PBXFileReference; lastKnownFileType = file; path = "Inter-ExtraLight.ttf"; sourceTree = "<group>"; };
		9510351428EFFFDB0011AE39 /* Inter-Black.ttf */ = {isa = PBXFileReference; lastKnownFileType = file; path = "Inter-Black.ttf"; sourceTree = "<group>"; };
		9510351528EFFFDB0011AE39 /* Inter-SemiBold.ttf */ = {isa = PBXFileReference; lastKnownFileType = file; path = "Inter-SemiBold.ttf"; sourceTree = "<group>"; };
		9510351628EFFFDB0011AE39 /* ClashGrotesk-Medium.otf */ = {isa = PBXFileReference; lastKnownFileType = file; path = "ClashGrotesk-Medium.otf"; sourceTree = "<group>"; };
		95233BDB28EF3B3000A4470E /* ProductListView.swift */ = {isa = PBXFileReference; lastKnownFileType = sourcecode.swift; path = ProductListView.swift; sourceTree = "<group>"; };
		95233BDD28EF3F3E00A4470E /* UIScrollView+RemoveSubviews.swift */ = {isa = PBXFileReference; lastKnownFileType = sourcecode.swift; path = "UIScrollView+RemoveSubviews.swift"; sourceTree = "<group>"; };
		95233BE028EF481F00A4470E /* IngredientListView.swift */ = {isa = PBXFileReference; lastKnownFileType = sourcecode.swift; path = IngredientListView.swift; sourceTree = "<group>"; };
		95233BE428EF4B5D00A4470E /* HorizontalScrollButtons.swift */ = {isa = PBXFileReference; lastKnownFileType = sourcecode.swift; path = HorizontalScrollButtons.swift; sourceTree = "<group>"; };
		95233BE828EF55AB00A4470E /* SmallCategoryButton.swift */ = {isa = PBXFileReference; lastKnownFileType = sourcecode.swift; path = SmallCategoryButton.swift; sourceTree = "<group>"; };
		9538751B28EDE2A1001979A8 /* UICollectionView+Loading.swift */ = {isa = PBXFileReference; fileEncoding = 4; lastKnownFileType = sourcecode.swift; path = "UICollectionView+Loading.swift"; sourceTree = "<group>"; };
		9538751C28EDE2A1001979A8 /* ApiService.swift */ = {isa = PBXFileReference; fileEncoding = 4; lastKnownFileType = sourcecode.swift; path = ApiService.swift; sourceTree = "<group>"; };
		9538751D28EDE2A1001979A8 /* ProductListCollectionView.swift */ = {isa = PBXFileReference; fileEncoding = 4; lastKnownFileType = sourcecode.swift; path = ProductListCollectionView.swift; sourceTree = "<group>"; };
		9538751F28EDE2A1001979A8 /* ProductListCell.swift */ = {isa = PBXFileReference; fileEncoding = 4; lastKnownFileType = sourcecode.swift; path = ProductListCell.swift; sourceTree = "<group>"; };
		9538752028EDE2A1001979A8 /* PinterestLayout.swift */ = {isa = PBXFileReference; fileEncoding = 4; lastKnownFileType = sourcecode.swift; path = PinterestLayout.swift; sourceTree = "<group>"; };
		9538752928EDE53C001979A8 /* Photo.swift */ = {isa = PBXFileReference; fileEncoding = 4; lastKnownFileType = sourcecode.swift; path = Photo.swift; sourceTree = "<group>"; };
		959C2BF328ED341E007B1251 /* Constants.swift */ = {isa = PBXFileReference; fileEncoding = 4; lastKnownFileType = sourcecode.swift; path = Constants.swift; sourceTree = "<group>"; };
		959C2BF428ED341E007B1251 /* CAGradientLayer+SetGradient.swift */ = {isa = PBXFileReference; fileEncoding = 4; lastKnownFileType = sourcecode.swift; path = "CAGradientLayer+SetGradient.swift"; sourceTree = "<group>"; };
		959C2C0128ED44A3007B1251 /* UIViewController+ConfigureUI.swift */ = {isa = PBXFileReference; lastKnownFileType = sourcecode.swift; path = "UIViewController+ConfigureUI.swift"; sourceTree = "<group>"; };
		95A1E05728F3F5AE00386972 /* RoutineUIView.swift */ = {isa = PBXFileReference; lastKnownFileType = sourcecode.swift; path = RoutineUIView.swift; sourceTree = "<group>"; };
		95A1E05928F3F61D00386972 /* DailySkincareTipsView.swift */ = {isa = PBXFileReference; lastKnownFileType = sourcecode.swift; path = DailySkincareTipsView.swift; sourceTree = "<group>"; };
		95A1E05B28F3F64300386972 /* UIImage+ScaleImage.swift */ = {isa = PBXFileReference; lastKnownFileType = sourcecode.swift; path = "UIImage+ScaleImage.swift"; sourceTree = "<group>"; };
		95A4311928EE8F7F007A2108 /* CategoryButton.swift */ = {isa = PBXFileReference; lastKnownFileType = sourcecode.swift; path = CategoryButton.swift; sourceTree = "<group>"; };
		95EB50DF28EA821400412176 /* Quint.app */ = {isa = PBXFileReference; explicitFileType = wrapper.application; includeInIndex = 0; path = Quint.app; sourceTree = BUILT_PRODUCTS_DIR; };
		95EB50E228EA821400412176 /* AppDelegate.swift */ = {isa = PBXFileReference; lastKnownFileType = sourcecode.swift; path = AppDelegate.swift; sourceTree = "<group>"; };
		95EB50E428EA821400412176 /* SceneDelegate.swift */ = {isa = PBXFileReference; lastKnownFileType = sourcecode.swift; path = SceneDelegate.swift; sourceTree = "<group>"; };
		95EB50E628EA821400412176 /* TreatmentsVC.swift */ = {isa = PBXFileReference; lastKnownFileType = sourcecode.swift; path = TreatmentsVC.swift; sourceTree = "<group>"; };
		95EB50E928EA821400412176 /* Base */ = {isa = PBXFileReference; lastKnownFileType = file.storyboard; name = Base; path = Base.lproj/Main.storyboard; sourceTree = "<group>"; };
		95EB50EC28EA821400412176 /* Quint.xcdatamodel */ = {isa = PBXFileReference; lastKnownFileType = wrapper.xcdatamodel; path = Quint.xcdatamodel; sourceTree = "<group>"; };
		95EB50EE28EA821600412176 /* Assets.xcassets */ = {isa = PBXFileReference; lastKnownFileType = folder.assetcatalog; path = Assets.xcassets; sourceTree = "<group>"; };
		95EB50F128EA821600412176 /* Base */ = {isa = PBXFileReference; lastKnownFileType = file.storyboard; name = Base; path = Base.lproj/LaunchScreen.storyboard; sourceTree = "<group>"; };
		95EB50F328EA821600412176 /* Info.plist */ = {isa = PBXFileReference; lastKnownFileType = text.plist.xml; path = Info.plist; sourceTree = "<group>"; };
		95EB50F928EA82D700412176 /* Podfile */ = {isa = PBXFileReference; fileEncoding = 4; lastKnownFileType = text; path = Podfile; sourceTree = SOURCE_ROOT; xcLanguageSpecificationIdentifier = xcode.lang.ruby; };
		EC353203A173754AD46E48CF /* Pods-Quint.debug.xcconfig */ = {isa = PBXFileReference; includeInIndex = 1; lastKnownFileType = text.xcconfig; name = "Pods-Quint.debug.xcconfig"; path = "Target Support Files/Pods-Quint/Pods-Quint.debug.xcconfig"; sourceTree = "<group>"; };
/* End PBXFileReference section */

/* Begin PBXFrameworksBuildPhase section */
		95EB50DC28EA821400412176 /* Frameworks */ = {
			isa = PBXFrameworksBuildPhase;
			buildActionMask = 2147483647;
			files = (
				C9131C6A5795F6F5C360774C /* libPods-Quint.a in Frameworks */,
			);
			runOnlyForDeploymentPostprocessing = 0;
		};
/* End PBXFrameworksBuildPhase section */

/* Begin PBXGroup section */
		6FEFC725A1E3F00E678902A4 /* Pods */ = {
			isa = PBXGroup;
			children = (
				EC353203A173754AD46E48CF /* Pods-Quint.debug.xcconfig */,
				1DE7348A28BE8A5E92A105D1 /* Pods-Quint.release.xcconfig */,
			);
			path = Pods;
			sourceTree = "<group>";
		};
		72BF72C228F41D1B0036C456 /* ViewModel */ = {
			isa = PBXGroup;
			children = (
				72BF72C328F41D290036C456 /* Routine */,
			);
			path = ViewModel;
			sourceTree = "<group>";
		};
		72BF72C328F41D290036C456 /* Routine */ = {
			isa = PBXGroup;
			children = (
				72BF72C428F41D490036C456 /* RoutineSteps.swift */,
				72BF72C828F4514E0036C456 /* PopupRoutine.swift */,
			);
			path = Routine;
			sourceTree = "<group>";
		};
		95078B1728EC7F8500093069 /* Treatments */ = {
			isa = PBXGroup;
			children = (
				9538752728EDE53C001979A8 /* Models */,
				951034BC28EFB9720011AE39 /* ViewControllers */,
				9538751A28EDE292001979A8 /* Components */,
			);
			path = Treatments;
			sourceTree = "<group>";
		};
		951034BC28EFB9720011AE39 /* ViewControllers */ = {
			isa = PBXGroup;
			children = (
				95EB50E628EA821400412176 /* TreatmentsVC.swift */,
			);
			path = ViewControllers;
			sourceTree = "<group>";
		};
		951034CC28EFF54C0011AE39 /* Onboarding */ = {
			isa = PBXGroup;
			children = (
				951034CD28EFF54C0011AE39 /* QuizSkinCondVC.swift */,
				951034CE28EFF54C0011AE39 /* TableViewCell */,
				951034D128EFF54C0011AE39 /* Authentication */,
				951034D328EFF54C0011AE39 /* QuizSkinTypeVC.swift */,
			);
			path = Onboarding;
			sourceTree = "<group>";
		};
		951034CE28EFF54C0011AE39 /* TableViewCell */ = {
			isa = PBXGroup;
			children = (
				951034CF28EFF54C0011AE39 /* QuizSkinTypeCell.swift */,
				951034D028EFF54C0011AE39 /* QuizSkinCondCell.swift */,
			);
			path = TableViewCell;
			sourceTree = "<group>";
		};
		951034D128EFF54C0011AE39 /* Authentication */ = {
			isa = PBXGroup;
			children = (
				951034D228EFF54C0011AE39 /* LoginViewController.swift */,
			);
			path = Authentication;
			sourceTree = "<group>";
		};
		951034DA28EFF8820011AE39 /* Routines */ = {
			isa = PBXGroup;
			children = (
				951034DB28EFF8820011AE39 /* Controller */,
				951034DF28EFF8820011AE39 /* View */,
				72BF72C228F41D1B0036C456 /* ViewModel */,
			);
			path = Routines;
			sourceTree = "<group>";
		};
		951034DB28EFF8820011AE39 /* Controller */ = {
			isa = PBXGroup;
			children = (
				951034DC28EFF8820011AE39 /* Routine */,
			);
			path = Controller;
			sourceTree = "<group>";
		};
		951034DC28EFF8820011AE39 /* Routine */ = {
			isa = PBXGroup;
			children = (
				951034DE28EFF8820011AE39 /* RoutineHomeViewController.swift */,
				72BF72C028F3C0540036C456 /* MorningRoutinesViewController.swift */,
				95A1E05728F3F5AE00386972 /* RoutineUIView.swift */,
				95A1E05928F3F61D00386972 /* DailySkincareTipsView.swift */,
				72BF72CA28F5186E0036C456 /* ReminderUIView.swift */,
				72BF72CC28F543280036C456 /* NightRoutinesViewController.swift */,
				72BF72D028F548DD0036C456 /* DailyLogViewController.swift */,
				72BF72D628F7B3FD0036C456 /* sleepHourUIView.swift */,
				72BF72D828F838B00036C456 /* moodSliderUIView.swift */,
			);
			path = Routine;
			sourceTree = "<group>";
		};
		951034DF28EFF8820011AE39 /* View */ = {
			isa = PBXGroup;
			children = (
				951034E028EFF8820011AE39 /* Routine */,
			);
			path = View;
			sourceTree = "<group>";
		};
		951034E028EFF8820011AE39 /* Routine */ = {
			isa = PBXGroup;
			children = (
				72BF72C628F41FB90036C456 /* MorningRoutineStepsTableViewCell.swift */,
				72BF72CE28F547AE0036C456 /* NightRoutinesStepsTableViewCell.swift */,
			);
			path = Routine;
			sourceTree = "<group>";
		};
		9510350628EFFFDB0011AE39 /* Font */ = {
			isa = PBXGroup;
			children = (
				9510350728EFFFDB0011AE39 /* Inter-Medium.ttf */,
				9510350828EFFFDB0011AE39 /* ClashGrotesk-Bold.otf */,
				9510350928EFFFDB0011AE39 /* ClashGrotesk-Regular.otf */,
				9510350A28EFFFDB0011AE39 /* Inter-Light.ttf */,
				9510350B28EFFFDB0011AE39 /* ClashGrotesk-Semibold.otf */,
				9510350C28EFFFDB0011AE39 /* Inter-Thin.ttf */,
				9510350D28EFFFDB0011AE39 /* Inter-Bold.ttf */,
				9510350E28EFFFDB0011AE39 /* ClashGrotesk-Extralight.otf */,
				9510350F28EFFFDB0011AE39 /* ClashGrotesk-Light.otf */,
				9510351028EFFFDB0011AE39 /* Inter-Regular.ttf */,
				9510351128EFFFDB0011AE39 /* ClashGrotesk-Variable.ttf */,
				9510351228EFFFDB0011AE39 /* Inter-ExtraBold.ttf */,
				9510351328EFFFDB0011AE39 /* Inter-ExtraLight.ttf */,
				9510351428EFFFDB0011AE39 /* Inter-Black.ttf */,
				9510351528EFFFDB0011AE39 /* Inter-SemiBold.ttf */,
				9510351628EFFFDB0011AE39 /* ClashGrotesk-Medium.otf */,
			);
			path = Font;
			sourceTree = "<group>";
		};
		9538751A28EDE292001979A8 /* Components */ = {
			isa = PBXGroup;
			children = (
				9538751F28EDE2A1001979A8 /* ProductListCell.swift */,
				95A4311928EE8F7F007A2108 /* CategoryButton.swift */,
				95233BE828EF55AB00A4470E /* SmallCategoryButton.swift */,
				7242F9CB28F12C5A009EB962 /* SmallCategoryButtonGuide.swift */,
				95233BE428EF4B5D00A4470E /* HorizontalScrollButtons.swift */,
				9538751D28EDE2A1001979A8 /* ProductListCollectionView.swift */,
				95233BDB28EF3B3000A4470E /* ProductListView.swift */,
				95233BE028EF481F00A4470E /* IngredientListView.swift */,
				951034BD28EFC13D0011AE39 /* HeaderLabel.swift */,
				951034BF28EFEDA90011AE39 /* IngredientButton.swift */,
			);
			path = Components;
			sourceTree = "<group>";
		};
		9538752728EDE53C001979A8 /* Models */ = {
			isa = PBXGroup;
			children = (
				9538752928EDE53C001979A8 /* Photo.swift */,
			);
			path = Models;
			sourceTree = "<group>";
		};
		959C2BF228ED341E007B1251 /* Helpers */ = {
			isa = PBXGroup;
			children = (
				9538751C28EDE2A1001979A8 /* ApiService.swift */,
				959C2BF328ED341E007B1251 /* Constants.swift */,
				959C2BF428ED341E007B1251 /* CAGradientLayer+SetGradient.swift */,
				951034C628EFF51F0011AE39 /* UIImageView+DropShadow.swift */,
				951034C528EFF51F0011AE39 /* UIFont+CustomFont.swift */,
				9538751B28EDE2A1001979A8 /* UICollectionView+Loading.swift */,
				959C2C0128ED44A3007B1251 /* UIViewController+ConfigureUI.swift */,
				9538752028EDE2A1001979A8 /* PinterestLayout.swift */,
				95233BDD28EF3F3E00A4470E /* UIScrollView+RemoveSubviews.swift */,
				951034C328EFF51F0011AE39 /* UIViewController+DismissKeyboard.swift */,
				95A1E05B28F3F64300386972 /* UIImage+ScaleImage.swift */,
				72BF72D428F6A93C0036C456 /* UIButton+MoveImageTextLeft.swift */,
			);
			path = Helpers;
			sourceTree = "<group>";
		};
		95EB50D628EA821400412176 = {
			isa = PBXGroup;
			children = (
				95EB50E128EA821400412176 /* Quint */,
				95EB50E028EA821400412176 /* Products */,
				6FEFC725A1E3F00E678902A4 /* Pods */,
				DB8EE3D5BA362498C5AC9D3D /* Frameworks */,
			);
			sourceTree = "<group>";
		};
		95EB50E028EA821400412176 /* Products */ = {
			isa = PBXGroup;
			children = (
				95EB50DF28EA821400412176 /* Quint.app */,
			);
			name = Products;
			sourceTree = "<group>";
		};
		95EB50E128EA821400412176 /* Quint */ = {
			isa = PBXGroup;
			children = (
				7259524328F0249300783907 /* QuintDebug.entitlements */,
				951034D928EFF8740011AE39 /* Quint.entitlements */,
				95EB50E228EA821400412176 /* AppDelegate.swift */,
				95EB50E428EA821400412176 /* SceneDelegate.swift */,
				959C2BF228ED341E007B1251 /* Helpers */,
				951034DA28EFF8820011AE39 /* Routines */,
				951034CC28EFF54C0011AE39 /* Onboarding */,
				95078B1728EC7F8500093069 /* Treatments */,
				9510350628EFFFDB0011AE39 /* Font */,
				95EB50E828EA821400412176 /* Main.storyboard */,
				95EB50EE28EA821600412176 /* Assets.xcassets */,
				95EB50F028EA821600412176 /* LaunchScreen.storyboard */,
				95EB50F328EA821600412176 /* Info.plist */,
				95EB50EB28EA821400412176 /* Quint.xcdatamodeld */,
				95EB50F928EA82D700412176 /* Podfile */,
			);
			path = Quint;
			sourceTree = "<group>";
		};
		DB8EE3D5BA362498C5AC9D3D /* Frameworks */ = {
			isa = PBXGroup;
			children = (
				6A4222B49AA562D57AC4B33E /* libPods-Quint.a */,
			);
			name = Frameworks;
			sourceTree = "<group>";
		};
/* End PBXGroup section */

/* Begin PBXNativeTarget section */
		95EB50DE28EA821400412176 /* Quint */ = {
			isa = PBXNativeTarget;
			buildConfigurationList = 95EB50F628EA821600412176 /* Build configuration list for PBXNativeTarget "Quint" */;
			buildPhases = (
				B46B201D501C264AA824B831 /* [CP] Check Pods Manifest.lock */,
				95EB50DB28EA821400412176 /* Sources */,
				95EB50DC28EA821400412176 /* Frameworks */,
				95EB50DD28EA821400412176 /* Resources */,
				C1CFCFC7D9323B0716C3D010 /* [CP] Copy Pods Resources */,
			);
			buildRules = (
			);
			dependencies = (
			);
			name = Quint;
			productName = Quint;
			productReference = 95EB50DF28EA821400412176 /* Quint.app */;
			productType = "com.apple.product-type.application";
		};
/* End PBXNativeTarget section */

/* Begin PBXProject section */
		95EB50D728EA821400412176 /* Project object */ = {
			isa = PBXProject;
			attributes = {
				BuildIndependentTargetsInParallel = 1;
				LastSwiftUpdateCheck = 1340;
				LastUpgradeCheck = 1340;
				TargetAttributes = {
					95EB50DE28EA821400412176 = {
						CreatedOnToolsVersion = 13.4.1;
					};
				};
			};
			buildConfigurationList = 95EB50DA28EA821400412176 /* Build configuration list for PBXProject "Quint" */;
			compatibilityVersion = "Xcode 13.0";
			developmentRegion = en;
			hasScannedForEncodings = 0;
			knownRegions = (
				en,
				Base,
			);
			mainGroup = 95EB50D628EA821400412176;
			productRefGroup = 95EB50E028EA821400412176 /* Products */;
			projectDirPath = "";
			projectRoot = "";
			targets = (
				95EB50DE28EA821400412176 /* Quint */,
			);
		};
/* End PBXProject section */

/* Begin PBXResourcesBuildPhase section */
		95EB50DD28EA821400412176 /* Resources */ = {
			isa = PBXResourcesBuildPhase;
			buildActionMask = 2147483647;
			files = (
				95EB50F228EA821600412176 /* LaunchScreen.storyboard in Resources */,
				9510352428EFFFDB0011AE39 /* Inter-Black.ttf in Resources */,
				9510352628EFFFDB0011AE39 /* ClashGrotesk-Medium.otf in Resources */,
				9510351E28EFFFDB0011AE39 /* ClashGrotesk-Extralight.otf in Resources */,
				95EB50EF28EA821600412176 /* Assets.xcassets in Resources */,
				9510352328EFFFDB0011AE39 /* Inter-ExtraLight.ttf in Resources */,
				9510352228EFFFDB0011AE39 /* Inter-ExtraBold.ttf in Resources */,
				9510351D28EFFFDB0011AE39 /* Inter-Bold.ttf in Resources */,
				9510351A28EFFFDB0011AE39 /* Inter-Light.ttf in Resources */,
				9510351828EFFFDB0011AE39 /* ClashGrotesk-Bold.otf in Resources */,
				9510352028EFFFDB0011AE39 /* Inter-Regular.ttf in Resources */,
				95EB50FA28EA82D700412176 /* Podfile in Resources */,
				9510352528EFFFDB0011AE39 /* Inter-SemiBold.ttf in Resources */,
				9510351928EFFFDB0011AE39 /* ClashGrotesk-Regular.otf in Resources */,
				9510351728EFFFDB0011AE39 /* Inter-Medium.ttf in Resources */,
				95EB50EA28EA821400412176 /* Main.storyboard in Resources */,
				9510351F28EFFFDB0011AE39 /* ClashGrotesk-Light.otf in Resources */,
				9510352128EFFFDB0011AE39 /* ClashGrotesk-Variable.ttf in Resources */,
				9510351C28EFFFDB0011AE39 /* Inter-Thin.ttf in Resources */,
				9510351B28EFFFDB0011AE39 /* ClashGrotesk-Semibold.otf in Resources */,
			);
			runOnlyForDeploymentPostprocessing = 0;
		};
/* End PBXResourcesBuildPhase section */

/* Begin PBXShellScriptBuildPhase section */
		B46B201D501C264AA824B831 /* [CP] Check Pods Manifest.lock */ = {
			isa = PBXShellScriptBuildPhase;
			buildActionMask = 2147483647;
			files = (
			);
			inputFileListPaths = (
			);
			inputPaths = (
				"${PODS_PODFILE_DIR_PATH}/Podfile.lock",
				"${PODS_ROOT}/Manifest.lock",
			);
			name = "[CP] Check Pods Manifest.lock";
			outputFileListPaths = (
			);
			outputPaths = (
				"$(DERIVED_FILE_DIR)/Pods-Quint-checkManifestLockResult.txt",
			);
			runOnlyForDeploymentPostprocessing = 0;
			shellPath = /bin/sh;
			shellScript = "diff \"${PODS_PODFILE_DIR_PATH}/Podfile.lock\" \"${PODS_ROOT}/Manifest.lock\" > /dev/null\nif [ $? != 0 ] ; then\n    # print error to STDERR\n    echo \"error: The sandbox is not in sync with the Podfile.lock. Run 'pod install' or update your CocoaPods installation.\" >&2\n    exit 1\nfi\n# This output is used by Xcode 'outputs' to avoid re-running this script phase.\necho \"SUCCESS\" > \"${SCRIPT_OUTPUT_FILE_0}\"\n";
			showEnvVarsInLog = 0;
		};
		C1CFCFC7D9323B0716C3D010 /* [CP] Copy Pods Resources */ = {
			isa = PBXShellScriptBuildPhase;
			buildActionMask = 2147483647;
			files = (
			);
			inputFileListPaths = (
				"${PODS_ROOT}/Target Support Files/Pods-Quint/Pods-Quint-resources-${CONFIGURATION}-input-files.xcfilelist",
			);
			name = "[CP] Copy Pods Resources";
			outputFileListPaths = (
				"${PODS_ROOT}/Target Support Files/Pods-Quint/Pods-Quint-resources-${CONFIGURATION}-output-files.xcfilelist",
			);
			runOnlyForDeploymentPostprocessing = 0;
			shellPath = /bin/sh;
			shellScript = "\"${PODS_ROOT}/Target Support Files/Pods-Quint/Pods-Quint-resources.sh\"\n";
			showEnvVarsInLog = 0;
		};
/* End PBXShellScriptBuildPhase section */

/* Begin PBXSourcesBuildPhase section */
		95EB50DB28EA821400412176 /* Sources */ = {
			isa = PBXSourcesBuildPhase;
			buildActionMask = 2147483647;
			files = (
				9538752B28EDE53C001979A8 /* Photo.swift in Sources */,
				9538752628EDE2A1001979A8 /* PinterestLayout.swift in Sources */,
				72BF72CD28F543280036C456 /* NightRoutinesViewController.swift in Sources */,
				72BF72C528F41D490036C456 /* RoutineSteps.swift in Sources */,
				72BF72D728F7B3FD0036C456 /* sleepHourUIView.swift in Sources */,
				72BF72C728F41FB90036C456 /* MorningRoutineStepsTableViewCell.swift in Sources */,
				72BF72C128F3C0540036C456 /* MorningRoutinesViewController.swift in Sources */,
				72BF72C928F4514E0036C456 /* PopupRoutine.swift in Sources */,
				95A1E05C28F3F64300386972 /* UIImage+ScaleImage.swift in Sources */,
				9538752128EDE2A1001979A8 /* UICollectionView+Loading.swift in Sources */,
				7242F9CC28F12C5A009EB962 /* SmallCategoryButtonGuide.swift in Sources */,
				95EB50E728EA821400412176 /* TreatmentsVC.swift in Sources */,
				9538752328EDE2A1001979A8 /* ProductListCollectionView.swift in Sources */,
				951034CA28EFF51F0011AE39 /* UIFont+CustomFont.swift in Sources */,
				72BF72D128F548DD0036C456 /* DailyLogViewController.swift in Sources */,
				72BF72CF28F547AE0036C456 /* NightRoutinesStepsTableViewCell.swift in Sources */,
				72BF72CB28F5186E0036C456 /* ReminderUIView.swift in Sources */,
				959C2C0228ED44A3007B1251 /* UIViewController+ConfigureUI.swift in Sources */,
				95EB50E328EA821400412176 /* AppDelegate.swift in Sources */,
				951034E328EFF8820011AE39 /* RoutineHomeViewController.swift in Sources */,
				951034BE28EFC13D0011AE39 /* HeaderLabel.swift in Sources */,
				951034D628EFF54C0011AE39 /* QuizSkinCondCell.swift in Sources */,
				9538752228EDE2A1001979A8 /* ApiService.swift in Sources */,
				95233BDC28EF3B3000A4470E /* ProductListView.swift in Sources */,
				95EB50E528EA821400412176 /* SceneDelegate.swift in Sources */,
				95A4311A28EE8F7F007A2108 /* CategoryButton.swift in Sources */,
				951034CB28EFF51F0011AE39 /* UIImageView+DropShadow.swift in Sources */,
				95EB50ED28EA821400412176 /* Quint.xcdatamodeld in Sources */,
				951034D828EFF54C0011AE39 /* QuizSkinTypeVC.swift in Sources */,
				95A1E05A28F3F61D00386972 /* DailySkincareTipsView.swift in Sources */,
				951034D728EFF54C0011AE39 /* LoginViewController.swift in Sources */,
				72BF72D928F838B00036C456 /* moodSliderUIView.swift in Sources */,
				9538752528EDE2A1001979A8 /* ProductListCell.swift in Sources */,
				95A1E05828F3F5AE00386972 /* RoutineUIView.swift in Sources */,
				959C2BF628ED341E007B1251 /* CAGradientLayer+SetGradient.swift in Sources */,
				951034D428EFF54C0011AE39 /* QuizSkinCondVC.swift in Sources */,
				959C2BF528ED341E007B1251 /* Constants.swift in Sources */,
				951034D528EFF54C0011AE39 /* QuizSkinTypeCell.swift in Sources */,
				95233BDE28EF3F3E00A4470E /* UIScrollView+RemoveSubviews.swift in Sources */,
				72BF72D528F6A93C0036C456 /* UIButton+MoveImageTextLeft.swift in Sources */,
				951034C028EFEDA90011AE39 /* IngredientButton.swift in Sources */,
				95233BE528EF4B5D00A4470E /* HorizontalScrollButtons.swift in Sources */,
				95233BE128EF481F00A4470E /* IngredientListView.swift in Sources */,
				951034C828EFF51F0011AE39 /* UIViewController+DismissKeyboard.swift in Sources */,
				95233BE928EF55AB00A4470E /* SmallCategoryButton.swift in Sources */,
			);
			runOnlyForDeploymentPostprocessing = 0;
		};
/* End PBXSourcesBuildPhase section */

/* Begin PBXVariantGroup section */
		95EB50E828EA821400412176 /* Main.storyboard */ = {
			isa = PBXVariantGroup;
			children = (
				95EB50E928EA821400412176 /* Base */,
			);
			name = Main.storyboard;
			sourceTree = "<group>";
		};
		95EB50F028EA821600412176 /* LaunchScreen.storyboard */ = {
			isa = PBXVariantGroup;
			children = (
				95EB50F128EA821600412176 /* Base */,
			);
			name = LaunchScreen.storyboard;
			sourceTree = "<group>";
		};
/* End PBXVariantGroup section */

/* Begin XCBuildConfiguration section */
		95EB50F428EA821600412176 /* Debug */ = {
			isa = XCBuildConfiguration;
			buildSettings = {
				ALWAYS_SEARCH_USER_PATHS = NO;
				CLANG_ANALYZER_NONNULL = YES;
				CLANG_ANALYZER_NUMBER_OBJECT_CONVERSION = YES_AGGRESSIVE;
				CLANG_CXX_LANGUAGE_STANDARD = "gnu++17";
				CLANG_ENABLE_MODULES = YES;
				CLANG_ENABLE_OBJC_ARC = YES;
				CLANG_ENABLE_OBJC_WEAK = YES;
				CLANG_WARN_BLOCK_CAPTURE_AUTORELEASING = YES;
				CLANG_WARN_BOOL_CONVERSION = YES;
				CLANG_WARN_COMMA = YES;
				CLANG_WARN_CONSTANT_CONVERSION = YES;
				CLANG_WARN_DEPRECATED_OBJC_IMPLEMENTATIONS = YES;
				CLANG_WARN_DIRECT_OBJC_ISA_USAGE = YES_ERROR;
				CLANG_WARN_DOCUMENTATION_COMMENTS = YES;
				CLANG_WARN_EMPTY_BODY = YES;
				CLANG_WARN_ENUM_CONVERSION = YES;
				CLANG_WARN_INFINITE_RECURSION = YES;
				CLANG_WARN_INT_CONVERSION = YES;
				CLANG_WARN_NON_LITERAL_NULL_CONVERSION = YES;
				CLANG_WARN_OBJC_IMPLICIT_RETAIN_SELF = YES;
				CLANG_WARN_OBJC_LITERAL_CONVERSION = YES;
				CLANG_WARN_OBJC_ROOT_CLASS = YES_ERROR;
				CLANG_WARN_QUOTED_INCLUDE_IN_FRAMEWORK_HEADER = YES;
				CLANG_WARN_RANGE_LOOP_ANALYSIS = YES;
				CLANG_WARN_STRICT_PROTOTYPES = YES;
				CLANG_WARN_SUSPICIOUS_MOVE = YES;
				CLANG_WARN_UNGUARDED_AVAILABILITY = YES_AGGRESSIVE;
				CLANG_WARN_UNREACHABLE_CODE = YES;
				CLANG_WARN__DUPLICATE_METHOD_MATCH = YES;
				COPY_PHASE_STRIP = NO;
				DEBUG_INFORMATION_FORMAT = dwarf;
				ENABLE_STRICT_OBJC_MSGSEND = YES;
				ENABLE_TESTABILITY = YES;
				GCC_C_LANGUAGE_STANDARD = gnu11;
				GCC_DYNAMIC_NO_PIC = NO;
				GCC_NO_COMMON_BLOCKS = YES;
				GCC_OPTIMIZATION_LEVEL = 0;
				GCC_PREPROCESSOR_DEFINITIONS = (
					"DEBUG=1",
					"$(inherited)",
				);
				GCC_WARN_64_TO_32_BIT_CONVERSION = YES;
				GCC_WARN_ABOUT_RETURN_TYPE = YES_ERROR;
				GCC_WARN_UNDECLARED_SELECTOR = YES;
				GCC_WARN_UNINITIALIZED_AUTOS = YES_AGGRESSIVE;
				GCC_WARN_UNUSED_FUNCTION = YES;
				GCC_WARN_UNUSED_VARIABLE = YES;
				IPHONEOS_DEPLOYMENT_TARGET = 15.5;
				MTL_ENABLE_DEBUG_INFO = INCLUDE_SOURCE;
				MTL_FAST_MATH = YES;
				ONLY_ACTIVE_ARCH = YES;
				SDKROOT = iphoneos;
				SWIFT_ACTIVE_COMPILATION_CONDITIONS = DEBUG;
				SWIFT_OPTIMIZATION_LEVEL = "-Onone";
			};
			name = Debug;
		};
		95EB50F528EA821600412176 /* Release */ = {
			isa = XCBuildConfiguration;
			buildSettings = {
				ALWAYS_SEARCH_USER_PATHS = NO;
				CLANG_ANALYZER_NONNULL = YES;
				CLANG_ANALYZER_NUMBER_OBJECT_CONVERSION = YES_AGGRESSIVE;
				CLANG_CXX_LANGUAGE_STANDARD = "gnu++17";
				CLANG_ENABLE_MODULES = YES;
				CLANG_ENABLE_OBJC_ARC = YES;
				CLANG_ENABLE_OBJC_WEAK = YES;
				CLANG_WARN_BLOCK_CAPTURE_AUTORELEASING = YES;
				CLANG_WARN_BOOL_CONVERSION = YES;
				CLANG_WARN_COMMA = YES;
				CLANG_WARN_CONSTANT_CONVERSION = YES;
				CLANG_WARN_DEPRECATED_OBJC_IMPLEMENTATIONS = YES;
				CLANG_WARN_DIRECT_OBJC_ISA_USAGE = YES_ERROR;
				CLANG_WARN_DOCUMENTATION_COMMENTS = YES;
				CLANG_WARN_EMPTY_BODY = YES;
				CLANG_WARN_ENUM_CONVERSION = YES;
				CLANG_WARN_INFINITE_RECURSION = YES;
				CLANG_WARN_INT_CONVERSION = YES;
				CLANG_WARN_NON_LITERAL_NULL_CONVERSION = YES;
				CLANG_WARN_OBJC_IMPLICIT_RETAIN_SELF = YES;
				CLANG_WARN_OBJC_LITERAL_CONVERSION = YES;
				CLANG_WARN_OBJC_ROOT_CLASS = YES_ERROR;
				CLANG_WARN_QUOTED_INCLUDE_IN_FRAMEWORK_HEADER = YES;
				CLANG_WARN_RANGE_LOOP_ANALYSIS = YES;
				CLANG_WARN_STRICT_PROTOTYPES = YES;
				CLANG_WARN_SUSPICIOUS_MOVE = YES;
				CLANG_WARN_UNGUARDED_AVAILABILITY = YES_AGGRESSIVE;
				CLANG_WARN_UNREACHABLE_CODE = YES;
				CLANG_WARN__DUPLICATE_METHOD_MATCH = YES;
				COPY_PHASE_STRIP = NO;
				DEBUG_INFORMATION_FORMAT = "dwarf-with-dsym";
				ENABLE_NS_ASSERTIONS = NO;
				ENABLE_STRICT_OBJC_MSGSEND = YES;
				GCC_C_LANGUAGE_STANDARD = gnu11;
				GCC_NO_COMMON_BLOCKS = YES;
				GCC_WARN_64_TO_32_BIT_CONVERSION = YES;
				GCC_WARN_ABOUT_RETURN_TYPE = YES_ERROR;
				GCC_WARN_UNDECLARED_SELECTOR = YES;
				GCC_WARN_UNINITIALIZED_AUTOS = YES_AGGRESSIVE;
				GCC_WARN_UNUSED_FUNCTION = YES;
				GCC_WARN_UNUSED_VARIABLE = YES;
				IPHONEOS_DEPLOYMENT_TARGET = 15.5;
				MTL_ENABLE_DEBUG_INFO = NO;
				MTL_FAST_MATH = YES;
				SDKROOT = iphoneos;
				SWIFT_COMPILATION_MODE = wholemodule;
				SWIFT_OPTIMIZATION_LEVEL = "-O";
				VALIDATE_PRODUCT = YES;
			};
			name = Release;
		};
		95EB50F728EA821600412176 /* Debug */ = {
			isa = XCBuildConfiguration;
			baseConfigurationReference = EC353203A173754AD46E48CF /* Pods-Quint.debug.xcconfig */;
			buildSettings = {
				ASSETCATALOG_COMPILER_APPICON_NAME = AppIcon;
				ASSETCATALOG_COMPILER_GLOBAL_ACCENT_COLOR_NAME = AccentColor;
				CODE_SIGN_ENTITLEMENTS = Quint/QuintDebug.entitlements;
				CODE_SIGN_STYLE = Automatic;
				CURRENT_PROJECT_VERSION = 1;
				DEVELOPMENT_TEAM = 58LNBVCQG4;
				GENERATE_INFOPLIST_FILE = YES;
				INFOPLIST_FILE = Quint/Info.plist;
				INFOPLIST_KEY_UIApplicationSupportsIndirectInputEvents = YES;
				INFOPLIST_KEY_UILaunchStoryboardName = LaunchScreen;
				INFOPLIST_KEY_UIMainStoryboardFile = Main;
				INFOPLIST_KEY_UISupportedInterfaceOrientations = UIInterfaceOrientationPortrait;
				INFOPLIST_KEY_UISupportedInterfaceOrientations_iPad = "UIInterfaceOrientationPortrait UIInterfaceOrientationPortraitUpsideDown UIInterfaceOrientationLandscapeLeft UIInterfaceOrientationLandscapeRight";
				INFOPLIST_KEY_UISupportedInterfaceOrientations_iPhone = "UIInterfaceOrientationPortrait UIInterfaceOrientationLandscapeLeft UIInterfaceOrientationLandscapeRight";
				LD_RUNPATH_SEARCH_PATHS = (
					"$(inherited)",
					"@executable_path/Frameworks",
				);
				MARKETING_VERSION = 1.0;
				PRODUCT_BUNDLE_IDENTIFIER = com.macro.quint;
				PRODUCT_NAME = "$(TARGET_NAME)";
				SWIFT_EMIT_LOC_STRINGS = YES;
				SWIFT_VERSION = 5.0;
				TARGETED_DEVICE_FAMILY = "1,2";
			};
			name = Debug;
		};
		95EB50F828EA821600412176 /* Release */ = {
			isa = XCBuildConfiguration;
			baseConfigurationReference = 1DE7348A28BE8A5E92A105D1 /* Pods-Quint.release.xcconfig */;
			buildSettings = {
				ASSETCATALOG_COMPILER_APPICON_NAME = AppIcon;
				ASSETCATALOG_COMPILER_GLOBAL_ACCENT_COLOR_NAME = AccentColor;
				CODE_SIGN_ENTITLEMENTS = Quint/Quint.entitlements;
				CODE_SIGN_STYLE = Automatic;
				CURRENT_PROJECT_VERSION = 1;
				DEVELOPMENT_TEAM = 58LNBVCQG4;
				GENERATE_INFOPLIST_FILE = YES;
				INFOPLIST_FILE = Quint/Info.plist;
				INFOPLIST_KEY_UIApplicationSupportsIndirectInputEvents = YES;
				INFOPLIST_KEY_UILaunchStoryboardName = LaunchScreen;
				INFOPLIST_KEY_UIMainStoryboardFile = Main;
				INFOPLIST_KEY_UISupportedInterfaceOrientations = UIInterfaceOrientationPortrait;
				INFOPLIST_KEY_UISupportedInterfaceOrientations_iPad = "UIInterfaceOrientationPortrait UIInterfaceOrientationPortraitUpsideDown UIInterfaceOrientationLandscapeLeft UIInterfaceOrientationLandscapeRight";
				INFOPLIST_KEY_UISupportedInterfaceOrientations_iPhone = "UIInterfaceOrientationPortrait UIInterfaceOrientationLandscapeLeft UIInterfaceOrientationLandscapeRight";
				LD_RUNPATH_SEARCH_PATHS = (
					"$(inherited)",
					"@executable_path/Frameworks",
				);
				MARKETING_VERSION = 1.0;
				PRODUCT_BUNDLE_IDENTIFIER = com.macro2.quint;
				PRODUCT_NAME = "$(TARGET_NAME)";
				SWIFT_EMIT_LOC_STRINGS = YES;
				SWIFT_VERSION = 5.0;
				TARGETED_DEVICE_FAMILY = "1,2";
			};
			name = Release;
		};
/* End XCBuildConfiguration section */

/* Begin XCConfigurationList section */
		95EB50DA28EA821400412176 /* Build configuration list for PBXProject "Quint" */ = {
			isa = XCConfigurationList;
			buildConfigurations = (
				95EB50F428EA821600412176 /* Debug */,
				95EB50F528EA821600412176 /* Release */,
			);
			defaultConfigurationIsVisible = 0;
			defaultConfigurationName = Release;
		};
		95EB50F628EA821600412176 /* Build configuration list for PBXNativeTarget "Quint" */ = {
			isa = XCConfigurationList;
			buildConfigurations = (
				95EB50F728EA821600412176 /* Debug */,
				95EB50F828EA821600412176 /* Release */,
			);
			defaultConfigurationIsVisible = 0;
			defaultConfigurationName = Release;
		};
/* End XCConfigurationList section */

/* Begin XCVersionGroup section */
		95EB50EB28EA821400412176 /* Quint.xcdatamodeld */ = {
			isa = XCVersionGroup;
			children = (
				95EB50EC28EA821400412176 /* Quint.xcdatamodel */,
			);
			currentVersion = 95EB50EC28EA821400412176 /* Quint.xcdatamodel */;
			path = Quint.xcdatamodeld;
			sourceTree = "<group>";
			versionGroupType = wrapper.xcdatamodel;
		};
/* End XCVersionGroup section */
	};
	rootObject = 95EB50D728EA821400412176 /* Project object */;
}
